{
  "name": "hamagen",
  "version": "0.0.1",
  "lockfileVersion": 1,
  "requires": true,
  "dependencies": {
    "rn-contact-tracing": {
      "version": "git+https://github.com/wix-incubator/rn-contact-tracing.git#b0f403905d13c77e6378bdbdf0210821025c852e",
      "from": "git+https://github.com/wix-incubator/rn-contact-tracing.git#iOS-Crypto"
    }
  }
}
